PODS:
  - KATCircularProgressChart (0.1.0)

DEPENDENCIES:
  - KATCircularProgressChart (from `../`)

EXTERNAL SOURCES:
  KATCircularProgressChart:
    :path: ../

SPEC CHECKSUMS:
  KATCircularProgressChart: fad911246db548cfe2e28a2f6a5ee79b7617c952

PODFILE CHECKSUM: c332ae21d748ab26281ab12af85b29f7f2a5ea01

COCOAPODS: 1.2.1
